{
  "name": "@gorlitzer-labs/factory",
  "version": "0.1.7",
  "lockfileVersion": 3,
  "requires": true,
  "packages": {
    "": {
      "name": "@gorlitzer-labs/factory",
      "version": "0.1.7",
      "license": "MIT",
      "bin": {
        "factory": "src/cli.mjs"
      },
      "engines": {
        "node": ">=20"
      }
    }
  }
}
